
Microsoft Visual Studio Solution File, Format Version 12.00
# Visual Studio 14
VisualStudioVersion = 14.0.25420.1
MinimumVisualStudioVersion = 10.0.40219.1
Project("{2150E333-8FDC-42A3-9474-1A3956D46DE8}") = "src", "src", "{730F9A4D-7158-4539-91C1-39BA2675159B}"
EndProject
Project("{2150E333-8FDC-42A3-9474-1A3956D46DE8}") = "Solution Items", "Solution Items", "{244E4AD8-0165-4FC8-AB25-8036EE09AE85}"
	ProjectSection(SolutionItems) = preProject
		global.json = global.json
	EndProjectSection
EndProject
Project("{8BB2217D-0F2D-49D1-97BC-3654ED321F3B}") = "CalendarNotes.Web", "src\CalendarNotes.Web\CalendarNotes.Web.xproj", "{453944EB-05C6-4DE3-A1D4-B4428AE3DD57}"
EndProject
Project("{8BB2217D-0F2D-49D1-97BC-3654ED321F3B}") = "CalendarNotes.Core", "src\CalendarNotes.Core\CalendarNotes.Core.xproj", "{4877577D-B698-4E4E-B97E-E317074588AB}"
EndProject
Project("{8BB2217D-0F2D-49D1-97BC-3654ED321F3B}") = "CalendarNotes.Common", "src\CalendarNotes.Common\CalendarNotes.Common.xproj", "{7858A7F2-817B-4129-8316-C31F9C692780}"
EndProject
Global
	GlobalSection(SolutionConfigurationPlatforms) = preSolution
		Debug|Any CPU = Debug|Any CPU
		Release|Any CPU = Release|Any CPU
	EndGlobalSection
	GlobalSection(ProjectConfigurationPlatforms) = postSolution
		{453944EB-05C6-4DE3-A1D4-B4428AE3DD57}.Debug|Any CPU.ActiveCfg = Debug|Any CPU
		{453944EB-05C6-4DE3-A1D4-B4428AE3DD57}.Debug|Any CPU.Build.0 = Debug|Any CPU
		{453944EB-05C6-4DE3-A1D4-B4428AE3DD57}.Release|Any CPU.ActiveCfg = Release|Any CPU
		{453944EB-05C6-4DE3-A1D4-B4428AE3DD57}.Release|Any CPU.Build.0 = Release|Any CPU
		{4877577D-B698-4E4E-B97E-E317074588AB}.Debug|Any CPU.ActiveCfg = Debug|Any CPU
		{4877577D-B698-4E4E-B97E-E317074588AB}.Debug|Any CPU.Build.0 = Debug|Any CPU
		{4877577D-B698-4E4E-B97E-E317074588AB}.Release|Any CPU.ActiveCfg = Release|Any CPU
		{4877577D-B698-4E4E-B97E-E317074588AB}.Release|Any CPU.Build.0 = Release|Any CPU
		{7858A7F2-817B-4129-8316-C31F9C692780}.Debug|Any CPU.ActiveCfg = Debug|Any CPU
		{7858A7F2-817B-4129-8316-C31F9C692780}.Debug|Any CPU.Build.0 = Debug|Any CPU
		{7858A7F2-817B-4129-8316-C31F9C692780}.Release|Any CPU.ActiveCfg = Release|Any CPU
		{7858A7F2-817B-4129-8316-C31F9C692780}.Release|Any CPU.Build.0 = Release|Any CPU
	EndGlobalSection
	GlobalSection(SolutionProperties) = preSolution
		HideSolutionNode = FALSE
	EndGlobalSection
	GlobalSection(NestedProjects) = preSolution
		{453944EB-05C6-4DE3-A1D4-B4428AE3DD57} = {730F9A4D-7158-4539-91C1-39BA2675159B}
		{4877577D-B698-4E4E-B97E-E317074588AB} = {730F9A4D-7158-4539-91C1-39BA2675159B}
		{7858A7F2-817B-4129-8316-C31F9C692780} = {730F9A4D-7158-4539-91C1-39BA2675159B}
	EndGlobalSection
EndGlobal
